
Microsoft Visual Studio Solution File, Format Version 12.00
# Visual Studio 14
VisualStudioVersion = 14.0.25420.1
MinimumVisualStudioVersion = 10.0.40219.1
Project("{FAE04EC0-301F-11D3-BF4B-00C04F79EFBC}") = "SistemaVentaArroz", "SistemaVentaArroz\SistemaVentaArroz.csproj", "{EC5639FD-0D26-4580-A515-005D2E0752E9}"
EndProject
Project("{FAE04EC0-301F-11D3-BF4B-00C04F79EFBC}") = "Entidades", "Entidades\Entidades.csproj", "{5AFD64AB-B13F-4153-B85D-880EB8B882CA}"
EndProject
Project("{FAE04EC0-301F-11D3-BF4B-00C04F79EFBC}") = "DAL", "DAL\DAL.csproj", "{EFF21887-6931-40CD-A7B7-9FFC714BB501}"
EndProject
Project("{FAE04EC0-301F-11D3-BF4B-00C04F79EFBC}") = "BLL", "BLL\BLL.csproj", "{189DA902-F71B-4F25-8AF2-8230F971A92D}"
EndProject
Global
	GlobalSection(SolutionConfigurationPlatforms) = preSolution
		Debug|Any CPU = Debug|Any CPU
		Release|Any CPU = Release|Any CPU
	EndGlobalSection
	GlobalSection(ProjectConfigurationPlatforms) = postSolution
		{EC5639FD-0D26-4580-A515-005D2E0752E9}.Debug|Any CPU.ActiveCfg = Debug|Any CPU
		{EC5639FD-0D26-4580-A515-005D2E0752E9}.Debug|Any CPU.Build.0 = Debug|Any CPU
		{EC5639FD-0D26-4580-A515-005D2E0752E9}.Release|Any CPU.ActiveCfg = Release|Any CPU
		{EC5639FD-0D26-4580-A515-005D2E0752E9}.Release|Any CPU.Build.0 = Release|Any CPU
		{5AFD64AB-B13F-4153-B85D-880EB8B882CA}.Debug|Any CPU.ActiveCfg = Debug|Any CPU
		{5AFD64AB-B13F-4153-B85D-880EB8B882CA}.Debug|Any CPU.Build.0 = Debug|Any CPU
		{5AFD64AB-B13F-4153-B85D-880EB8B882CA}.Release|Any CPU.ActiveCfg = Release|Any CPU
		{5AFD64AB-B13F-4153-B85D-880EB8B882CA}.Release|Any CPU.Build.0 = Release|Any CPU
		{EFF21887-6931-40CD-A7B7-9FFC714BB501}.Debug|Any CPU.ActiveCfg = Debug|Any CPU
		{EFF21887-6931-40CD-A7B7-9FFC714BB501}.Debug|Any CPU.Build.0 = Debug|Any CPU
		{EFF21887-6931-40CD-A7B7-9FFC714BB501}.Release|Any CPU.ActiveCfg = Release|Any CPU
		{EFF21887-6931-40CD-A7B7-9FFC714BB501}.Release|Any CPU.Build.0 = Release|Any CPU
		{189DA902-F71B-4F25-8AF2-8230F971A92D}.Debug|Any CPU.ActiveCfg = Debug|Any CPU
		{189DA902-F71B-4F25-8AF2-8230F971A92D}.Debug|Any CPU.Build.0 = Debug|Any CPU
		{189DA902-F71B-4F25-8AF2-8230F971A92D}.Release|Any CPU.ActiveCfg = Release|Any CPU
		{189DA902-F71B-4F25-8AF2-8230F971A92D}.Release|Any CPU.Build.0 = Release|Any CPU
	EndGlobalSection
	GlobalSection(SolutionProperties) = preSolution
		HideSolutionNode = FALSE
	EndGlobalSection
EndGlobal
